
Microsoft Visual Studio Solution File, Format Version 12.00
# Visual Studio Version 17
VisualStudioVersion = 17.4.33122.133
MinimumVisualStudioVersion = 10.0.40219.1
Project("{FAE04EC0-301F-11D3-BF4B-00C04F79EFBC}") = "BlazorSessionScopedContainer", "BlazorSessionScopedContainer\BlazorSessionScopedContainer.csproj", "{D53B3CDF-09A8-49DE-92EF-6A7E8E3EA14C}"
EndProject
Global
	GlobalSection(SolutionConfigurationPlatforms) = preSolution
		Debug|Any CPU = Debug|Any CPU
		Release|Any CPU = Release|Any CPU
	EndGlobalSection
	GlobalSection(ProjectConfigurationPlatforms) = postSolution
		{D53B3CDF-09A8-49DE-92EF-6A7E8E3EA14C}.Debug|Any CPU.ActiveCfg = Debug|Any CPU
		{D53B3CDF-09A8-49DE-92EF-6A7E8E3EA14C}.Debug|Any CPU.Build.0 = Debug|Any CPU
		{D53B3CDF-09A8-49DE-92EF-6A7E8E3EA14C}.Release|Any CPU.ActiveCfg = Release|Any CPU
		{D53B3CDF-09A8-49DE-92EF-6A7E8E3EA14C}.Release|Any CPU.Build.0 = Release|Any CPU
	EndGlobalSection
	GlobalSection(SolutionProperties) = preSolution
		HideSolutionNode = FALSE
	EndGlobalSection
	GlobalSection(ExtensibilityGlobals) = postSolution
		SolutionGuid = {A97559D3-BB6E-4A1F-9F87-2D1AA1F5A640}
	EndGlobalSection
EndGlobal
